
Microsoft Visual Studio Solution File, Format Version 12.00
# Visual Studio Version 16
VisualStudioVersion = 16.0.32929.386
MinimumVisualStudioVersion = 10.0.40219.1
Project("{FAE04EC0-301F-11D3-BF4B-00C04F79EFBC}") = "WebApplication5", "WebApplication5\WebApplication5.csproj", "{234B8532-5602-467F-B98B-AA56B3FC02AE}"
EndProject
Global
	GlobalSection(SolutionConfigurationPlatforms) = preSolution
		Debug|Any CPU = Debug|Any CPU
		Release|Any CPU = Release|Any CPU
	EndGlobalSection
	GlobalSection(ProjectConfigurationPlatforms) = postSolution
		{234B8532-5602-467F-B98B-AA56B3FC02AE}.Debug|Any CPU.ActiveCfg = Debug|Any CPU
		{234B8532-5602-467F-B98B-AA56B3FC02AE}.Debug|Any CPU.Build.0 = Debug|Any CPU
		{234B8532-5602-467F-B98B-AA56B3FC02AE}.Release|Any CPU.ActiveCfg = Release|Any CPU
		{234B8532-5602-467F-B98B-AA56B3FC02AE}.Release|Any CPU.Build.0 = Release|Any CPU
	EndGlobalSection
	GlobalSection(SolutionProperties) = preSolution
		HideSolutionNode = FALSE
	EndGlobalSection
	GlobalSection(ExtensibilityGlobals) = postSolution
		SolutionGuid = {C0EA977B-854A-4A6B-9EFA-EF4F98395BE9}
	EndGlobalSection
EndGlobal
